// !$*UTF8*$!
{
	archiveVersion = 1;
	classes = {
	};
	objectVersion = 46;
	objects = {

/* Begin PBXBuildFile section */
		4A6C4E3D1E0AC53200503AEB /* AppDelegate.swift in Sources */ = {isa = PBXBuildFile; fileRef = 4A6C4E3C1E0AC53200503AEB /* AppDelegate.swift */; };
		4A6C4E3F1E0AC53200503AEB /* ViewController.swift in Sources */ = {isa = PBXBuildFile; fileRef = 4A6C4E3E1E0AC53200503AEB /* ViewController.swift */; };
		4A6C4E421E0AC53200503AEB /* Main.storyboard in Resources */ = {isa = PBXBuildFile; fileRef = 4A6C4E401E0AC53200503AEB /* Main.storyboard */; };
		4A6C4E441E0AC53200503AEB /* Assets.xcassets in Resources */ = {isa = PBXBuildFile; fileRef = 4A6C4E431E0AC53200503AEB /* Assets.xcassets */; };
		4A6C4E471E0AC53200503AEB /* LaunchScreen.storyboard in Resources */ = {isa = PBXBuildFile; fileRef = 4A6C4E451E0AC53200503AEB /* LaunchScreen.storyboard */; };
/* End PBXBuildFile section */

/* Begin PBXFileReference section */
		4A6C4E391E0AC53200503AEB /* Test-App.app */ = {isa = PBXFileReference; explicitFileType = wrapper.application; includeInIndex = 0; path = "Test-App.app"; sourceTree = BUILT_PRODUCTS_DIR; };
		4A6C4E3C1E0AC53200503AEB /* AppDelegate.swift */ = {isa = PBXFileReference; lastKnownFileType = sourcecode.swift; path = AppDelegate.swift; sourceTree = "<group>"; };
		4A6C4E3E1E0AC53200503AEB /* ViewController.swift */ = {isa = PBXFileReference; lastKnownFileType = sourcecode.swift; path = ViewController.swift; sourceTree = "<group>"; };
		4A6C4E411E0AC53200503AEB /* Base */ = {isa = PBXFileReference; lastKnownFileType = file.storyboard; name = Base; path = Base.lproj/Main.storyboard; sourceTree = "<group>"; };
		4A6C4E431E0AC53200503AEB /* Assets.xcassets */ = {isa = PBXFileReference; lastKnownFileType = folder.assetcatalog; path = Assets.xcassets; sourceTree = "<group>"; };
		4A6C4E461E0AC53200503AEB /* Base */ = {isa = PBXFileReference; lastKnownFileType = file.storyboard; name = Base; path = Base.lproj/LaunchScreen.storyboard; sourceTree = "<group>"; };
		4A6C4E481E0AC53200503AEB /* Info.plist */ = {isa = PBXFileReference; lastKnownFileType = text.plist.xml; path = Info.plist; sourceTree = "<group>"; };
/* End PBXFileReference section */

/* Begin PBXFrameworksBuildPhase section */
		4A6C4E361E0AC53200503AEB /* Frameworks */ = {
			isa = PBXFrameworksBuildPhase;
			buildActionMask = 2147483647;
			files = (
			);
			runOnlyForDeploymentPostprocessing = 0;
		};
/* End PBXFrameworksBuildPhase section */

/* Begin PBXGroup section */
		4A6C4E301E0AC53200503AEB = {
			isa = PBXGroup;
			children = (
				4A6C4E3B1E0AC53200503AEB /* Test-App */,
				4A6C4E3A1E0AC53200503AEB /* Products */,
			);
			sourceTree = "<group>";
		};
		4A6C4E3A1E0AC53200503AEB /* Products */ = {
			isa = PBXGroup;
			children = (
				4A6C4E391E0AC53200503AEB /* Test-App.app */,
			);
			name = Products;
			sourceTree = "<group>";
		};
		4A6C4E3B1E0AC53200503AEB /* Test-App */ = {
			isa = PBXGroup;
			children = (
				4A6C4E3C1E0AC53200503AEB /* AppDelegate.swift */,
				4A6C4E3E1E0AC53200503AEB /* ViewController.swift */,
				4A6C4E401E0AC53200503AEB /* Main.storyboard */,
				4A6C4E431E0AC53200503AEB /* Assets.xcassets */,
				4A6C4E451E0AC53200503AEB /* LaunchScreen.storyboard */,
				4A6C4E481E0AC53200503AEB /* Info.plist */,
			);
			path = "Test-App";
			sourceTree = "<group>";
		};
/* End PBXGroup section */

/* Begin PBXNativeTarget section */
		4A6C4E381E0AC53200503AEB /* Test-App */ = {
			isa = PBXNativeTarget;
			buildConfigurationList = 4A6C4E4B1E0AC53200503AEB /* Build configuration list for PBXNativeTarget "Test-App" */;
			buildPhases = (
				4A6C4E351E0AC53200503AEB /* Sources */,
				4A6C4E361E0AC53200503AEB /* Frameworks */,
				4A6C4E371E0AC53200503AEB /* Resources */,
			);
			buildRules = (
			);
			dependencies = (
			);
			name = "Test-App";
			productName = "Test-App";
			productReference = 4A6C4E391E0AC53200503AEB /* Test-App.app */;
			productType = "com.apple.product-type.application";
		};
/* End PBXNativeTarget section */

/* Begin PBXProject section */
		4A6C4E311E0AC53200503AEB /* Project object */ = {
			isa = PBXProject;
			attributes = {
				LastSwiftUpdateCheck = 0820;
				LastUpgradeCheck = 0820;
				ORGANIZATIONNAME = "Tobias Scholze";
				TargetAttributes = {
					4A6C4E381E0AC53200503AEB = {
						CreatedOnToolsVersion = 8.2;
						ProvisioningStyle = Automatic;
					};
				};
			};
			buildConfigurationList = 4A6C4E341E0AC53200503AEB /* Build configuration list for PBXProject "Test-App" */;
			compatibilityVersion = "Xcode 3.2";
			developmentRegion = English;
			hasScannedForEncodings = 0;
			knownRegions = (
				en,
				Base,
			);
			mainGroup = 4A6C4E301E0AC53200503AEB;
			productRefGroup = 4A6C4E3A1E0AC53200503AEB /* Products */;
			projectDirPath = "";
			projectRoot = "";
			targets = (
				4A6C4E381E0AC53200503AEB /* Test-App */,
			);
		};
/* End PBXProject section */

/* Begin PBXResourcesBuildPhase section */
		4A6C4E371E0AC53200503AEB /* Resources */ = {
			isa = PBXResourcesBuildPhase;
			buildActionMask = 2147483647;
			files = (
				4A6C4E471E0AC53200503AEB /* LaunchScreen.storyboard in Resources */,
				4A6C4E441E0AC53200503AEB /* Assets.xcassets in Resources */,
				4A6C4E421E0AC53200503AEB /* Main.storyboard in Resources */,
			);
			runOnlyForDeploymentPostprocessing = 0;
		};
/* End PBXResourcesBuildPhase section */

/* Begin PBXSourcesBuildPhase section */
		4A6C4E351E0AC53200503AEB /* Sources */ = {
			isa = PBXSourcesBuildPhase;
			buildActionMask = 2147483647;
			files = (
				4A6C4E3F1E0AC53200503AEB /* ViewController.swift in Sources */,
				4A6C4E3D1E0AC53200503AEB /* AppDelegate.swift in Sources */,
			);
			runOnlyForDeploymentPostprocessing = 0;
		};
/* End PBXSourcesBuildPhase section */

/* Begin PBXVariantGroup section */
		4A6C4E401E0AC53200503AEB /* Main.storyboard */ = {
			isa = PBXVariantGroup;
			children = (
				4A6C4E411E0AC53200503AEB /* Base */,
			);
			name = Main.storyboard;
			sourceTree = "<group>";
		};
		4A6C4E451E0AC53200503AEB /* LaunchScreen.storyboard */ = {
			isa = PBXVariantGroup;
			children = (
				4A6C4E461E0AC53200503AEB /* Base */,
			);
			name = LaunchScreen.storyboard;
			sourceTree = "<group>";
		};
/* End PBXVariantGroup section */

/* Begin XCBuildConfiguration section */
		4A6C4E491E0AC53200503AEB /* Debug */ = {
			isa = XCBuildConfiguration;
			buildSettings = {
				ALWAYS_SEARCH_USER_PATHS = NO;
				CLANG_ANALYZER_NONNULL = YES;
				CLANG_CXX_LANGUAGE_STANDARD = "gnu++0x";
				CLANG_CXX_LIBRARY = "libc++";
				CLANG_ENABLE_MODULES = YES;
				CLANG_ENABLE_OBJC_ARC = YES;
				CLANG_WARN_BOOL_CONVERSION = YES;
				CLANG_WARN_CONSTANT_CONVERSION = YES;
				CLANG_WARN_DIRECT_OBJC_ISA_USAGE = YES_ERROR;
				CLANG_WARN_DOCUMENTATION_COMMENTS = YES;
				CLANG_WARN_EMPTY_BODY = YES;
				CLANG_WARN_ENUM_CONVERSION = YES;
				CLANG_WARN_INFINITE_RECURSION = YES;
				CLANG_WARN_INT_CONVERSION = YES;
				CLANG_WARN_OBJC_ROOT_CLASS = YES_ERROR;
				CLANG_WARN_SUSPICIOUS_MOVE = YES;
				CLANG_WARN_UNREACHABLE_CODE = YES;
				CLANG_WARN__DUPLICATE_METHOD_MATCH = YES;
				"CODE_SIGN_IDENTITY[sdk=iphoneos*]" = "iPhone Developer";
				COPY_PHASE_STRIP = NO;
				DEBUG_INFORMATION_FORMAT = dwarf;
				ENABLE_STRICT_OBJC_MSGSEND = YES;
				ENABLE_TESTABILITY = YES;
				GCC_C_LANGUAGE_STANDARD = gnu99;
				GCC_DYNAMIC_NO_PIC = NO;
				GCC_NO_COMMON_BLOCKS = YES;
				GCC_OPTIMIZATION_LEVEL = 0;
				GCC_PREPROCESSOR_DEFINITIONS = (
					"DEBUG=1",
					"$(inherited)",
				);
				GCC_WARN_64_TO_32_BIT_CONVERSION = YES;
				GCC_WARN_ABOUT_RETURN_TYPE = YES_ERROR;
				GCC_WARN_UNDECLARED_SELECTOR = YES;
				GCC_WARN_UNINITIALIZED_AUTOS = YES_AGGRESSIVE;
				GCC_WARN_UNUSED_FUNCTION = YES;
				GCC_WARN_UNUSED_VARIABLE = YES;
				IPHONEOS_DEPLOYMENT_TARGET = 10.2;
				MTL_ENABLE_DEBUG_INFO = YES;
				ONLY_ACTIVE_ARCH = YES;
				SDKROOT = iphoneos;
				SWIFT_ACTIVE_COMPILATION_CONDITIONS = DEBUG;
				SWIFT_OPTIMIZATION_LEVEL = "-Onone";
			};
			name = Debug;
		};
		4A6C4E4A1E0AC53200503AEB /* Release */ = {
			isa = XCBuildConfiguration;
			buildSettings = {
				ALWAYS_SEARCH_USER_PATHS = NO;
				CLANG_ANALYZER_NONNULL = YES;
				CLANG_CXX_LANGUAGE_STANDARD = "gnu++0x";
				CLANG_CXX_LIBRARY = "libc++";
				CLANG_ENABLE_MODULES = YES;
				CLANG_ENABLE_OBJC_ARC = YES;
				CLANG_WARN_BOOL_CONVERSION = YES;
				CLANG_WARN_CONSTANT_CONVERSION = YES;
				CLANG_WARN_DIRECT_OBJC_ISA_USAGE = YES_ERROR;
				CLANG_WARN_DOCUMENTATION_COMMENTS = YES;
				CLANG_WARN_EMPTY_BODY = YES;
				CLANG_WARN_ENUM_CONVERSION = YES;
				CLANG_WARN_INFINITE_RECURSION = YES;
				CLANG_WARN_INT_CONVERSION = YES;
				CLANG_WARN_OBJC_ROOT_CLASS = YES_ERROR;
				CLANG_WARN_SUSPICIOUS_MOVE = YES;
				CLANG_WARN_UNREACHABLE_CODE = YES;
				CLANG_WARN__DUPLICATE_METHOD_MATCH = YES;
				"CODE_SIGN_IDENTITY[sdk=iphoneos*]" = "iPhone Developer";
				COPY_PHASE_STRIP = NO;
				DEBUG_INFORMATION_FORMAT = "dwarf-with-dsym";
				ENABLE_NS_ASSERTIONS = NO;
				ENABLE_STRICT_OBJC_MSGSEND = YES;
				GCC_C_LANGUAGE_STANDARD = gnu99;
				GCC_NO_COMMON_BLOCKS = YES;
				GCC_WARN_64_TO_32_BIT_CONVERSION = YES;
				GCC_WARN_ABOUT_RETURN_TYPE = YES_ERROR;
				GCC_WARN_UNDECLARED_SELECTOR = YES;
				GCC_WARN_UNINITIALIZED_AUTOS = YES_AGGRESSIVE;
				GCC_WARN_UNUSED_FUNCTION = YES;
				GCC_WARN_UNUSED_VARIABLE = YES;
				IPHONEOS_DEPLOYMENT_TARGET = 10.2;
				MTL_ENABLE_DEBUG_INFO = NO;
				SDKROOT = iphoneos;
				SWIFT_OPTIMIZATION_LEVEL = "-Owholemodule";
				VALIDATE_PRODUCT = YES;
			};
			name = Release;
		};
		4A6C4E4C1E0AC53200503AEB /* Debug */ = {
			isa = XCBuildConfiguration;
			buildSettings = {
				ASSETCATALOG_COMPILER_APPICON_NAME = AppIcon;
				INFOPLIST_FILE = "Test-App/Info.plist";
				LD_RUNPATH_SEARCH_PATHS = "$(inherited) @executable_path/Frameworks";
				PRODUCT_BUNDLE_IDENTIFIER = "com.github.tscholze.Test-App";
				PRODUCT_NAME = "$(TARGET_NAME)";
				SWIFT_VERSION = 3.0;
			};
			name = Debug;
		};
		4A6C4E4D1E0AC53200503AEB /* Release */ = {
			isa = XCBuildConfiguration;
			buildSettings = {
				ASSETCATALOG_COMPILER_APPICON_NAME = AppIcon;
				INFOPLIST_FILE = "Test-App/Info.plist";
				LD_RUNPATH_SEARCH_PATHS = "$(inherited) @executable_path/Frameworks";
				PRODUCT_BUNDLE_IDENTIFIER = "com.github.tscholze.Test-App";
				PRODUCT_NAME = "$(TARGET_NAME)";
				SWIFT_VERSION = 3.0;
			};
			name = Release;
		};
/* End XCBuildConfiguration section */

/* Begin XCConfigurationList section */
		4A6C4E341E0AC53200503AEB /* Build configuration list for PBXProject "Test-App" */ = {
			isa = XCConfigurationList;
			buildConfigurations = (
				4A6C4E491E0AC53200503AEB /* Debug */,
				4A6C4E4A1E0AC53200503AEB /* Release */,
			);
			defaultConfigurationIsVisible = 0;
			defaultConfigurationName = Release;
		};
		4A6C4E4B1E0AC53200503AEB /* Build configuration list for PBXNativeTarget "Test-App" */ = {
			isa = XCConfigurationList;
			buildConfigurations = (
				4A6C4E4C1E0AC53200503AEB /* Debug */,
				4A6C4E4D1E0AC53200503AEB /* Release */,
			);
			defaultConfigurationIsVisible = 0;
		};
/* End XCConfigurationList section */
	};
	rootObject = 4A6C4E311E0AC53200503AEB /* Project object */;
}
